
Microsoft Visual Studio Solution File, Format Version 12.00
# Visual Studio 2012
Project("{FAE04EC0-301F-11D3-BF4B-00C04F79EFBC}") = "FileWizard.Gui", "FileWizard.Gui\FileWizard.Gui.csproj", "{1ECF8C1C-D83A-45FF-AD1D-73FE088BCA72}"
EndProject
Project("{FAE04EC0-301F-11D3-BF4B-00C04F79EFBC}") = "FileWizard.Gui.Tests", "FileWizard.Gui.Tests\FileWizard.Gui.Tests.csproj", "{22CBEF3E-EB49-43B2-BBE2-C2E680B7EA5E}"
EndProject
Global
	GlobalSection(SolutionConfigurationPlatforms) = preSolution
		Debug|Any CPU = Debug|Any CPU
		Release|Any CPU = Release|Any CPU
	EndGlobalSection
	GlobalSection(ProjectConfigurationPlatforms) = postSolution
		{1ECF8C1C-D83A-45FF-AD1D-73FE088BCA72}.Debug|Any CPU.ActiveCfg = Debug|Any CPU
		{1ECF8C1C-D83A-45FF-AD1D-73FE088BCA72}.Debug|Any CPU.Build.0 = Debug|Any CPU
		{1ECF8C1C-D83A-45FF-AD1D-73FE088BCA72}.Release|Any CPU.ActiveCfg = Release|Any CPU
		{1ECF8C1C-D83A-45FF-AD1D-73FE088BCA72}.Release|Any CPU.Build.0 = Release|Any CPU
		{22CBEF3E-EB49-43B2-BBE2-C2E680B7EA5E}.Debug|Any CPU.ActiveCfg = Debug|Any CPU
		{22CBEF3E-EB49-43B2-BBE2-C2E680B7EA5E}.Debug|Any CPU.Build.0 = Debug|Any CPU
		{22CBEF3E-EB49-43B2-BBE2-C2E680B7EA5E}.Release|Any CPU.ActiveCfg = Release|Any CPU
		{22CBEF3E-EB49-43B2-BBE2-C2E680B7EA5E}.Release|Any CPU.Build.0 = Release|Any CPU
	EndGlobalSection
	GlobalSection(SolutionProperties) = preSolution
		HideSolutionNode = FALSE
	EndGlobalSection
EndGlobal
